// !$*UTF8*$!
{
	archiveVersion = 1;
	classes = {
	};
	objectVersion = 50;
	objects = {

/* Begin PBXBuildFile section */
		18C5C06A21A7F34000A9EA60 /* DetailViewController.swift in Sources */ = {isa = PBXBuildFile; fileRef = 18C5C06921A7F34000A9EA60 /* DetailViewController.swift */; };
		18C5C06E21A7F58400A9EA60 /* SearchService.swift in Sources */ = {isa = PBXBuildFile; fileRef = 18C5C06D21A7F58400A9EA60 /* SearchService.swift */; };
		18C5C07021A7F5AE00A9EA60 /* Provider.swift in Sources */ = {isa = PBXBuildFile; fileRef = 18C5C06F21A7F5AE00A9EA60 /* Provider.swift */; };
		18C5C07221A7F80B00A9EA60 /* RepositoryModel.swift in Sources */ = {isa = PBXBuildFile; fileRef = 18C5C07121A7F80B00A9EA60 /* RepositoryModel.swift */; };
		85E3ED4B769D0EC4203885B5 /* Pods_SearchExample.framework in Frameworks */ = {isa = PBXBuildFile; fileRef = A94218953EE160E2BC3E7BA5 /* Pods_SearchExample.framework */; };
		E0E52BC021A5A27D00508A77 /* AppDelegate.swift in Sources */ = {isa = PBXBuildFile; fileRef = E0E52BBF21A5A27D00508A77 /* AppDelegate.swift */; };
		E0E52BC221A5A27D00508A77 /* SearchViewController.swift in Sources */ = {isa = PBXBuildFile; fileRef = E0E52BC121A5A27D00508A77 /* SearchViewController.swift */; };
		E0E52BC521A5A27D00508A77 /* Main.storyboard in Resources */ = {isa = PBXBuildFile; fileRef = E0E52BC321A5A27D00508A77 /* Main.storyboard */; };
		E0E52BC721A5A27E00508A77 /* Assets.xcassets in Resources */ = {isa = PBXBuildFile; fileRef = E0E52BC621A5A27E00508A77 /* Assets.xcassets */; };
		E0E52BCA21A5A27E00508A77 /* LaunchScreen.storyboard in Resources */ = {isa = PBXBuildFile; fileRef = E0E52BC821A5A27E00508A77 /* LaunchScreen.storyboard */; };
/* End PBXBuildFile section */

/* Begin PBXFileReference section */
		07F217194BCE026F261A48C5 /* Pods-SearchExample.release.xcconfig */ = {isa = PBXFileReference; includeInIndex = 1; lastKnownFileType = text.xcconfig; name = "Pods-SearchExample.release.xcconfig"; path = "Pods/Target Support Files/Pods-SearchExample/Pods-SearchExample.release.xcconfig"; sourceTree = "<group>"; };
		18C5C06921A7F34000A9EA60 /* DetailViewController.swift */ = {isa = PBXFileReference; lastKnownFileType = sourcecode.swift; path = DetailViewController.swift; sourceTree = "<group>"; };
		18C5C06D21A7F58400A9EA60 /* SearchService.swift */ = {isa = PBXFileReference; lastKnownFileType = sourcecode.swift; name = SearchService.swift; path = ../../../../../../Documents/SearchService.swift; sourceTree = "<group>"; };
		18C5C06F21A7F5AE00A9EA60 /* Provider.swift */ = {isa = PBXFileReference; lastKnownFileType = sourcecode.swift; name = Provider.swift; path = ../../../../../../Documents/Provider.swift; sourceTree = "<group>"; };
		18C5C07121A7F80B00A9EA60 /* RepositoryModel.swift */ = {isa = PBXFileReference; lastKnownFileType = sourcecode.swift; name = RepositoryModel.swift; path = ../../../../../../Documents/RepositoryModel.swift; sourceTree = "<group>"; };
		87373664667A42F0BDFDA3FC /* Pods-SearchExample.debug.xcconfig */ = {isa = PBXFileReference; includeInIndex = 1; lastKnownFileType = text.xcconfig; name = "Pods-SearchExample.debug.xcconfig"; path = "Pods/Target Support Files/Pods-SearchExample/Pods-SearchExample.debug.xcconfig"; sourceTree = "<group>"; };
		A94218953EE160E2BC3E7BA5 /* Pods_SearchExample.framework */ = {isa = PBXFileReference; explicitFileType = wrapper.framework; includeInIndex = 0; path = Pods_SearchExample.framework; sourceTree = BUILT_PRODUCTS_DIR; };
		E0E52BBC21A5A27D00508A77 /* SearchExample.app */ = {isa = PBXFileReference; explicitFileType = wrapper.application; includeInIndex = 0; path = SearchExample.app; sourceTree = BUILT_PRODUCTS_DIR; };
		E0E52BBF21A5A27D00508A77 /* AppDelegate.swift */ = {isa = PBXFileReference; lastKnownFileType = sourcecode.swift; path = AppDelegate.swift; sourceTree = "<group>"; };
		E0E52BC121A5A27D00508A77 /* SearchViewController.swift */ = {isa = PBXFileReference; lastKnownFileType = sourcecode.swift; path = SearchViewController.swift; sourceTree = "<group>"; };
		E0E52BC421A5A27D00508A77 /* Base */ = {isa = PBXFileReference; lastKnownFileType = file.storyboard; name = Base; path = Base.lproj/Main.storyboard; sourceTree = "<group>"; };
		E0E52BC621A5A27E00508A77 /* Assets.xcassets */ = {isa = PBXFileReference; lastKnownFileType = folder.assetcatalog; path = Assets.xcassets; sourceTree = "<group>"; };
		E0E52BC921A5A27E00508A77 /* Base */ = {isa = PBXFileReference; lastKnownFileType = file.storyboard; name = Base; path = Base.lproj/LaunchScreen.storyboard; sourceTree = "<group>"; };
		E0E52BCB21A5A27E00508A77 /* Info.plist */ = {isa = PBXFileReference; lastKnownFileType = text.plist.xml; path = Info.plist; sourceTree = "<group>"; };
/* End PBXFileReference section */

/* Begin PBXFrameworksBuildPhase section */
		E0E52BB921A5A27D00508A77 /* Frameworks */ = {
			isa = PBXFrameworksBuildPhase;
			buildActionMask = 2147483647;
			files = (
				85E3ED4B769D0EC4203885B5 /* Pods_SearchExample.framework in Frameworks */,
			);
			runOnlyForDeploymentPostprocessing = 0;
		};
/* End PBXFrameworksBuildPhase section */

/* Begin PBXGroup section */
		18C5C06021A7EF2900A9EA60 /* Resources */ = {
			isa = PBXGroup;
			children = (
				E0E52BC621A5A27E00508A77 /* Assets.xcassets */,
			);
			path = Resources;
			sourceTree = "<group>";
		};
		18C5C06121A7EF3300A9EA60 /* Supporting Files */ = {
			isa = PBXGroup;
			children = (
				E0E52BCB21A5A27E00508A77 /* Info.plist */,
			);
			path = "Supporting Files";
			sourceTree = "<group>";
		};
		18C5C06321A7EF9100A9EA60 /* Models */ = {
			isa = PBXGroup;
			children = (
				18C5C07121A7F80B00A9EA60 /* RepositoryModel.swift */,
			);
			path = Models;
			sourceTree = "<group>";
		};
		18C5C06421A7EFBE00A9EA60 /* Extension */ = {
			isa = PBXGroup;
			children = (
			);
			path = Extension;
			sourceTree = "<group>";
		};
		18C5C06621A7EFC200A9EA60 /* ViewControllers */ = {
			isa = PBXGroup;
			children = (
				18C5C06721A7F2FC00A9EA60 /* Search */,
				18C5C06821A7F33100A9EA60 /* Detail */,
			);
			path = ViewControllers;
			sourceTree = "<group>";
		};
		18C5C06721A7F2FC00A9EA60 /* Search */ = {
			isa = PBXGroup;
			children = (
				E0E52BC121A5A27D00508A77 /* SearchViewController.swift */,
			);
			path = Search;
			sourceTree = "<group>";
		};
		18C5C06821A7F33100A9EA60 /* Detail */ = {
			isa = PBXGroup;
			children = (
				18C5C06921A7F34000A9EA60 /* DetailViewController.swift */,
			);
			path = Detail;
			sourceTree = "<group>";
		};
		18C5C06B21A7F4AB00A9EA60 /* Views */ = {
			isa = PBXGroup;
			children = (
			);
			path = Views;
			sourceTree = "<group>";
		};
		18C5C06C21A7F4B900A9EA60 /* Networking */ = {
			isa = PBXGroup;
			children = (
				18C5C06D21A7F58400A9EA60 /* SearchService.swift */,
				18C5C06F21A7F5AE00A9EA60 /* Provider.swift */,
			);
			path = Networking;
			sourceTree = "<group>";
		};
		3D9BD2CE18668A83ABBA9E8B /* Pods */ = {
			isa = PBXGroup;
			children = (
				87373664667A42F0BDFDA3FC /* Pods-SearchExample.debug.xcconfig */,
				07F217194BCE026F261A48C5 /* Pods-SearchExample.release.xcconfig */,
			);
			name = Pods;
			sourceTree = "<group>";
		};
		D42EC6433FC6EB53AB895250 /* Frameworks */ = {
			isa = PBXGroup;
			children = (
				A94218953EE160E2BC3E7BA5 /* Pods_SearchExample.framework */,
			);
			name = Frameworks;
			sourceTree = "<group>";
		};
		E0E52BB321A5A27D00508A77 = {
			isa = PBXGroup;
			children = (
				E0E52BBE21A5A27D00508A77 /* SearchExample */,
				E0E52BBD21A5A27D00508A77 /* Products */,
				3D9BD2CE18668A83ABBA9E8B /* Pods */,
				D42EC6433FC6EB53AB895250 /* Frameworks */,
			);
			sourceTree = "<group>";
		};
		E0E52BBD21A5A27D00508A77 /* Products */ = {
			isa = PBXGroup;
			children = (
				E0E52BBC21A5A27D00508A77 /* SearchExample.app */,
			);
			name = Products;
			sourceTree = "<group>";
		};
		E0E52BBE21A5A27D00508A77 /* SearchExample */ = {
			isa = PBXGroup;
			children = (
				E0E52BBF21A5A27D00508A77 /* AppDelegate.swift */,
				E0E52BC821A5A27E00508A77 /* LaunchScreen.storyboard */,
				E0E52BC321A5A27D00508A77 /* Main.storyboard */,
				18C5C06321A7EF9100A9EA60 /* Models */,
				18C5C06B21A7F4AB00A9EA60 /* Views */,
				18C5C06421A7EFBE00A9EA60 /* Extension */,
				18C5C06C21A7F4B900A9EA60 /* Networking */,
				18C5C06621A7EFC200A9EA60 /* ViewControllers */,
				18C5C06021A7EF2900A9EA60 /* Resources */,
				18C5C06121A7EF3300A9EA60 /* Supporting Files */,
			);
			path = SearchExample;
			sourceTree = "<group>";
		};
/* End PBXGroup section */

/* Begin PBXNativeTarget section */
		E0E52BBB21A5A27D00508A77 /* SearchExample */ = {
			isa = PBXNativeTarget;
			buildConfigurationList = E0E52BCE21A5A27E00508A77 /* Build configuration list for PBXNativeTarget "SearchExample" */;
			buildPhases = (
				794163DF3F8A2CBF6B367D95 /* [CP] Check Pods Manifest.lock */,
				E0E52BB821A5A27D00508A77 /* Sources */,
				E0E52BB921A5A27D00508A77 /* Frameworks */,
				E0E52BBA21A5A27D00508A77 /* Resources */,
				645FF1297472FAB3475EC807 /* [CP] Embed Pods Frameworks */,
			);
			buildRules = (
			);
			dependencies = (
			);
			name = SearchExample;
			productName = SearchExample;
			productReference = E0E52BBC21A5A27D00508A77 /* SearchExample.app */;
			productType = "com.apple.product-type.application";
		};
/* End PBXNativeTarget section */

/* Begin PBXProject section */
		E0E52BB421A5A27D00508A77 /* Project object */ = {
			isa = PBXProject;
			attributes = {
				LastSwiftUpdateCheck = 1010;
				LastUpgradeCheck = 1010;
				ORGANIZATIONNAME = "Gwanho Kim";
				TargetAttributes = {
					E0E52BBB21A5A27D00508A77 = {
						CreatedOnToolsVersion = 10.1;
					};
				};
			};
			buildConfigurationList = E0E52BB721A5A27D00508A77 /* Build configuration list for PBXProject "SearchExample" */;
			compatibilityVersion = "Xcode 9.3";
			developmentRegion = en;
			hasScannedForEncodings = 0;
			knownRegions = (
				en,
				Base,
			);
			mainGroup = E0E52BB321A5A27D00508A77;
			productRefGroup = E0E52BBD21A5A27D00508A77 /* Products */;
			projectDirPath = "";
			projectRoot = "";
			targets = (
				E0E52BBB21A5A27D00508A77 /* SearchExample */,
			);
		};
/* End PBXProject section */

/* Begin PBXResourcesBuildPhase section */
		E0E52BBA21A5A27D00508A77 /* Resources */ = {
			isa = PBXResourcesBuildPhase;
			buildActionMask = 2147483647;
			files = (
				E0E52BCA21A5A27E00508A77 /* LaunchScreen.storyboard in Resources */,
				E0E52BC721A5A27E00508A77 /* Assets.xcassets in Resources */,
				E0E52BC521A5A27D00508A77 /* Main.storyboard in Resources */,
			);
			runOnlyForDeploymentPostprocessing = 0;
		};
/* End PBXResourcesBuildPhase section */

/* Begin PBXShellScriptBuildPhase section */
		645FF1297472FAB3475EC807 /* [CP] Embed Pods Frameworks */ = {
			isa = PBXShellScriptBuildPhase;
			buildActionMask = 2147483647;
			files = (
			);
			inputPaths = (
				"${SRCROOT}/Pods/Target Support Files/Pods-SearchExample/Pods-SearchExample-frameworks.sh",
				"${BUILT_PRODUCTS_DIR}/Alamofire/Alamofire.framework",
				"${BUILT_PRODUCTS_DIR}/Moya/Moya.framework",
				"${BUILT_PRODUCTS_DIR}/ObjectMapper/ObjectMapper.framework",
				"${BUILT_PRODUCTS_DIR}/Result/Result.framework",
			);
			name = "[CP] Embed Pods Frameworks";
			outputPaths = (
				"${TARGET_BUILD_DIR}/${FRAMEWORKS_FOLDER_PATH}/Alamofire.framework",
				"${TARGET_BUILD_DIR}/${FRAMEWORKS_FOLDER_PATH}/Moya.framework",
				"${TARGET_BUILD_DIR}/${FRAMEWORKS_FOLDER_PATH}/ObjectMapper.framework",
				"${TARGET_BUILD_DIR}/${FRAMEWORKS_FOLDER_PATH}/Result.framework",
			);
			runOnlyForDeploymentPostprocessing = 0;
			shellPath = /bin/sh;
			shellScript = "\"${SRCROOT}/Pods/Target Support Files/Pods-SearchExample/Pods-SearchExample-frameworks.sh\"\n";
			showEnvVarsInLog = 0;
		};
		794163DF3F8A2CBF6B367D95 /* [CP] Check Pods Manifest.lock */ = {
			isa = PBXShellScriptBuildPhase;
			buildActionMask = 2147483647;
			files = (
			);
			inputPaths = (
				"${PODS_PODFILE_DIR_PATH}/Podfile.lock",
				"${PODS_ROOT}/Manifest.lock",
			);
			name = "[CP] Check Pods Manifest.lock";
			outputPaths = (
				"$(DERIVED_FILE_DIR)/Pods-SearchExample-checkManifestLockResult.txt",
			);
			runOnlyForDeploymentPostprocessing = 0;
			shellPath = /bin/sh;
			shellScript = "diff \"${PODS_PODFILE_DIR_PATH}/Podfile.lock\" \"${PODS_ROOT}/Manifest.lock\" > /dev/null\nif [ $? != 0 ] ; then\n    # print error to STDERR\n    echo \"error: The sandbox is not in sync with the Podfile.lock. Run 'pod install' or update your CocoaPods installation.\" >&2\n    exit 1\nfi\n# This output is used by Xcode 'outputs' to avoid re-running this script phase.\necho \"SUCCESS\" > \"${SCRIPT_OUTPUT_FILE_0}\"\n";
			showEnvVarsInLog = 0;
		};
/* End PBXShellScriptBuildPhase section */

/* Begin PBXSourcesBuildPhase section */
		E0E52BB821A5A27D00508A77 /* Sources */ = {
			isa = PBXSourcesBuildPhase;
			buildActionMask = 2147483647;
			files = (
				18C5C06A21A7F34000A9EA60 /* DetailViewController.swift in Sources */,
				18C5C06E21A7F58400A9EA60 /* SearchService.swift in Sources */,
				E0E52BC221A5A27D00508A77 /* SearchViewController.swift in Sources */,
				18C5C07221A7F80B00A9EA60 /* RepositoryModel.swift in Sources */,
				18C5C07021A7F5AE00A9EA60 /* Provider.swift in Sources */,
				E0E52BC021A5A27D00508A77 /* AppDelegate.swift in Sources */,
			);
			runOnlyForDeploymentPostprocessing = 0;
		};
/* End PBXSourcesBuildPhase section */

/* Begin PBXVariantGroup section */
		E0E52BC321A5A27D00508A77 /* Main.storyboard */ = {
			isa = PBXVariantGroup;
			children = (
				E0E52BC421A5A27D00508A77 /* Base */,
			);
			name = Main.storyboard;
			sourceTree = "<group>";
		};
		E0E52BC821A5A27E00508A77 /* LaunchScreen.storyboard */ = {
			isa = PBXVariantGroup;
			children = (
				E0E52BC921A5A27E00508A77 /* Base */,
			);
			name = LaunchScreen.storyboard;
			sourceTree = "<group>";
		};
/* End PBXVariantGroup section */

/* Begin XCBuildConfiguration section */
		E0E52BCC21A5A27E00508A77 /* Debug */ = {
			isa = XCBuildConfiguration;
			buildSettings = {
				ALWAYS_SEARCH_USER_PATHS = NO;
				CLANG_ANALYZER_NONNULL = YES;
				CLANG_ANALYZER_NUMBER_OBJECT_CONVERSION = YES_AGGRESSIVE;
				CLANG_CXX_LANGUAGE_STANDARD = "gnu++14";
				CLANG_CXX_LIBRARY = "libc++";
				CLANG_ENABLE_MODULES = YES;
				CLANG_ENABLE_OBJC_ARC = YES;
				CLANG_ENABLE_OBJC_WEAK = YES;
				CLANG_WARN_BLOCK_CAPTURE_AUTORELEASING = YES;
				CLANG_WARN_BOOL_CONVERSION = YES;
				CLANG_WARN_COMMA = YES;
				CLANG_WARN_CONSTANT_CONVERSION = YES;
				CLANG_WARN_DEPRECATED_OBJC_IMPLEMENTATIONS = YES;
				CLANG_WARN_DIRECT_OBJC_ISA_USAGE = YES_ERROR;
				CLANG_WARN_DOCUMENTATION_COMMENTS = YES;
				CLANG_WARN_EMPTY_BODY = YES;
				CLANG_WARN_ENUM_CONVERSION = YES;
				CLANG_WARN_INFINITE_RECURSION = YES;
				CLANG_WARN_INT_CONVERSION = YES;
				CLANG_WARN_NON_LITERAL_NULL_CONVERSION = YES;
				CLANG_WARN_OBJC_IMPLICIT_RETAIN_SELF = YES;
				CLANG_WARN_OBJC_LITERAL_CONVERSION = YES;
				CLANG_WARN_OBJC_ROOT_CLASS = YES_ERROR;
				CLANG_WARN_RANGE_LOOP_ANALYSIS = YES;
				CLANG_WARN_STRICT_PROTOTYPES = YES;
				CLANG_WARN_SUSPICIOUS_MOVE = YES;
				CLANG_WARN_UNGUARDED_AVAILABILITY = YES_AGGRESSIVE;
				CLANG_WARN_UNREACHABLE_CODE = YES;
				CLANG_WARN__DUPLICATE_METHOD_MATCH = YES;
				CODE_SIGN_IDENTITY = "iPhone Developer";
				COPY_PHASE_STRIP = NO;
				DEBUG_INFORMATION_FORMAT = dwarf;
				ENABLE_STRICT_OBJC_MSGSEND = YES;
				ENABLE_TESTABILITY = YES;
				GCC_C_LANGUAGE_STANDARD = gnu11;
				GCC_DYNAMIC_NO_PIC = NO;
				GCC_NO_COMMON_BLOCKS = YES;
				GCC_OPTIMIZATION_LEVEL = 0;
				GCC_PREPROCESSOR_DEFINITIONS = (
					"DEBUG=1",
					"$(inherited)",
				);
				GCC_WARN_64_TO_32_BIT_CONVERSION = YES;
				GCC_WARN_ABOUT_RETURN_TYPE = YES_ERROR;
				GCC_WARN_UNDECLARED_SELECTOR = YES;
				GCC_WARN_UNINITIALIZED_AUTOS = YES_AGGRESSIVE;
				GCC_WARN_UNUSED_FUNCTION = YES;
				GCC_WARN_UNUSED_VARIABLE = YES;
				IPHONEOS_DEPLOYMENT_TARGET = 12.1;
				MTL_ENABLE_DEBUG_INFO = INCLUDE_SOURCE;
				MTL_FAST_MATH = YES;
				ONLY_ACTIVE_ARCH = YES;
				SDKROOT = iphoneos;
				SWIFT_ACTIVE_COMPILATION_CONDITIONS = DEBUG;
				SWIFT_OPTIMIZATION_LEVEL = "-Onone";
			};
			name = Debug;
		};
		E0E52BCD21A5A27E00508A77 /* Release */ = {
			isa = XCBuildConfiguration;
			buildSettings = {
				ALWAYS_SEARCH_USER_PATHS = NO;
				CLANG_ANALYZER_NONNULL = YES;
				CLANG_ANALYZER_NUMBER_OBJECT_CONVERSION = YES_AGGRESSIVE;
				CLANG_CXX_LANGUAGE_STANDARD = "gnu++14";
				CLANG_CXX_LIBRARY = "libc++";
				CLANG_ENABLE_MODULES = YES;
				CLANG_ENABLE_OBJC_ARC = YES;
				CLANG_ENABLE_OBJC_WEAK = YES;
				CLANG_WARN_BLOCK_CAPTURE_AUTORELEASING = YES;
				CLANG_WARN_BOOL_CONVERSION = YES;
				CLANG_WARN_COMMA = YES;
				CLANG_WARN_CONSTANT_CONVERSION = YES;
				CLANG_WARN_DEPRECATED_OBJC_IMPLEMENTATIONS = YES;
				CLANG_WARN_DIRECT_OBJC_ISA_USAGE = YES_ERROR;
				CLANG_WARN_DOCUMENTATION_COMMENTS = YES;
				CLANG_WARN_EMPTY_BODY = YES;
				CLANG_WARN_ENUM_CONVERSION = YES;
				CLANG_WARN_INFINITE_RECURSION = YES;
				CLANG_WARN_INT_CONVERSION = YES;
				CLANG_WARN_NON_LITERAL_NULL_CONVERSION = YES;
				CLANG_WARN_OBJC_IMPLICIT_RETAIN_SELF = YES;
				CLANG_WARN_OBJC_LITERAL_CONVERSION = YES;
				CLANG_WARN_OBJC_ROOT_CLASS = YES_ERROR;
				CLANG_WARN_RANGE_LOOP_ANALYSIS = YES;
				CLANG_WARN_STRICT_PROTOTYPES = YES;
				CLANG_WARN_SUSPICIOUS_MOVE = YES;
				CLANG_WARN_UNGUARDED_AVAILABILITY = YES_AGGRESSIVE;
				CLANG_WARN_UNREACHABLE_CODE = YES;
				CLANG_WARN__DUPLICATE_METHOD_MATCH = YES;
				CODE_SIGN_IDENTITY = "iPhone Developer";
				COPY_PHASE_STRIP = NO;
				DEBUG_INFORMATION_FORMAT = "dwarf-with-dsym";
				ENABLE_NS_ASSERTIONS = NO;
				ENABLE_STRICT_OBJC_MSGSEND = YES;
				GCC_C_LANGUAGE_STANDARD = gnu11;
				GCC_NO_COMMON_BLOCKS = YES;
				GCC_WARN_64_TO_32_BIT_CONVERSION = YES;
				GCC_WARN_ABOUT_RETURN_TYPE = YES_ERROR;
				GCC_WARN_UNDECLARED_SELECTOR = YES;
				GCC_WARN_UNINITIALIZED_AUTOS = YES_AGGRESSIVE;
				GCC_WARN_UNUSED_FUNCTION = YES;
				GCC_WARN_UNUSED_VARIABLE = YES;
				IPHONEOS_DEPLOYMENT_TARGET = 12.1;
				MTL_ENABLE_DEBUG_INFO = NO;
				MTL_FAST_MATH = YES;
				SDKROOT = iphoneos;
				SWIFT_COMPILATION_MODE = wholemodule;
				SWIFT_OPTIMIZATION_LEVEL = "-O";
				VALIDATE_PRODUCT = YES;
			};
			name = Release;
		};
		E0E52BCF21A5A27E00508A77 /* Debug */ = {
			isa = XCBuildConfiguration;
			baseConfigurationReference = 87373664667A42F0BDFDA3FC /* Pods-SearchExample.debug.xcconfig */;
			buildSettings = {
				ASSETCATALOG_COMPILER_APPICON_NAME = AppIcon;
				CODE_SIGN_STYLE = Automatic;
				DEVELOPMENT_TEAM = 95YHHS8BGP;
				INFOPLIST_FILE = "$(SRCROOT)/SearchExample/Supporting Files/Info.plist";
				LD_RUNPATH_SEARCH_PATHS = (
					"$(inherited)",
					"@executable_path/Frameworks",
				);
				PRODUCT_BUNDLE_IDENTIFIER = com.pikachu987.SearchExample;
				PRODUCT_NAME = "$(TARGET_NAME)";
				SWIFT_VERSION = 4.2;
				TARGETED_DEVICE_FAMILY = "1,2";
			};
			name = Debug;
		};
		E0E52BD021A5A27E00508A77 /* Release */ = {
			isa = XCBuildConfiguration;
			baseConfigurationReference = 07F217194BCE026F261A48C5 /* Pods-SearchExample.release.xcconfig */;
			buildSettings = {
				ASSETCATALOG_COMPILER_APPICON_NAME = AppIcon;
				CODE_SIGN_STYLE = Automatic;
				DEVELOPMENT_TEAM = 95YHHS8BGP;
				INFOPLIST_FILE = "$(SRCROOT)/SearchExample/Supporting Files/Info.plist";
				LD_RUNPATH_SEARCH_PATHS = (
					"$(inherited)",
					"@executable_path/Frameworks",
				);
				PRODUCT_BUNDLE_IDENTIFIER = com.pikachu987.SearchExample;
				PRODUCT_NAME = "$(TARGET_NAME)";
				SWIFT_VERSION = 4.2;
				TARGETED_DEVICE_FAMILY = "1,2";
			};
			name = Release;
		};
/* End XCBuildConfiguration section */

/* Begin XCConfigurationList section */
		E0E52BB721A5A27D00508A77 /* Build configuration list for PBXProject "SearchExample" */ = {
			isa = XCConfigurationList;
			buildConfigurations = (
				E0E52BCC21A5A27E00508A77 /* Debug */,
				E0E52BCD21A5A27E00508A77 /* Release */,
			);
			defaultConfigurationIsVisible = 0;
			defaultConfigurationName = Release;
		};
		E0E52BCE21A5A27E00508A77 /* Build configuration list for PBXNativeTarget "SearchExample" */ = {
			isa = XCConfigurationList;
			buildConfigurations = (
				E0E52BCF21A5A27E00508A77 /* Debug */,
				E0E52BD021A5A27E00508A77 /* Release */,
			);
			defaultConfigurationIsVisible = 0;
			defaultConfigurationName = Release;
		};
/* End XCConfigurationList section */
	};
	rootObject = E0E52BB421A5A27D00508A77 /* Project object */;
}
