// !$*UTF8*$!
{
	archiveVersion = 1;
	classes = {
	};
	objectVersion = 51;
	objects = {

/* Begin PBXBuildFile section */
		18C5C05221A78ACB00A9EA60 /* Ex5Transforming.swift in Sources */ = {isa = PBXBuildFile; fileRef = 18C5C05121A78ACB00A9EA60 /* Ex5Transforming.swift */; };
		18C5C05421A79B1E00A9EA60 /* Ex6Filtering.swift in Sources */ = {isa = PBXBuildFile; fileRef = 18C5C05321A79B1E00A9EA60 /* Ex6Filtering.swift */; };
		18C5C05621A7BAD200A9EA60 /* Ex7Utility.swift in Sources */ = {isa = PBXBuildFile; fileRef = 18C5C05521A7BAD200A9EA60 /* Ex7Utility.swift */; };
		18C5C05821A7CD4800A9EA60 /* Ex8Subscriptions.swift in Sources */ = {isa = PBXBuildFile; fileRef = 18C5C05721A7CD4800A9EA60 /* Ex8Subscriptions.swift */; };
		18C5C05B21A7DDC800A9EA60 /* MemberModel.swift in Sources */ = {isa = PBXBuildFile; fileRef = 18C5C05A21A7DDC800A9EA60 /* MemberModel.swift */; };
		18C5C05D21A7DE3500A9EA60 /* Member.json in Resources */ = {isa = PBXBuildFile; fileRef = 18C5C05C21A7DE3500A9EA60 /* Member.json */; };
		18FE32E421A6451400F70B5A /* AppDelegate.swift in Sources */ = {isa = PBXBuildFile; fileRef = 18FE32E321A6451400F70B5A /* AppDelegate.swift */; };
		18FE32E621A6451400F70B5A /* ViewController.swift in Sources */ = {isa = PBXBuildFile; fileRef = 18FE32E521A6451400F70B5A /* ViewController.swift */; };
		18FE32E921A6451400F70B5A /* Main.storyboard in Resources */ = {isa = PBXBuildFile; fileRef = 18FE32E721A6451400F70B5A /* Main.storyboard */; };
		18FE32EB21A6451500F70B5A /* Assets.xcassets in Resources */ = {isa = PBXBuildFile; fileRef = 18FE32EA21A6451500F70B5A /* Assets.xcassets */; };
		18FE32EE21A6451500F70B5A /* LaunchScreen.storyboard in Resources */ = {isa = PBXBuildFile; fileRef = 18FE32EC21A6451500F70B5A /* LaunchScreen.storyboard */; };
		18FE32F621A66CC000F70B5A /* README.md in Resources */ = {isa = PBXBuildFile; fileRef = 18FE32F521A66CC000F70B5A /* README.md */; };
		18FE32FD21A6AAFE00F70B5A /* Ex3Synthesis.swift in Sources */ = {isa = PBXBuildFile; fileRef = 18FE32FC21A6AAFE00F70B5A /* Ex3Synthesis.swift */; };
		56BF15DCB329FF345EB8726E /* Pods_BasicExampleTests.framework in Frameworks */ = {isa = PBXBuildFile; fileRef = 9E4354AE1B1E5EBC2E17E930 /* Pods_BasicExampleTests.framework */; };
		E01553E62650E3C400C1ED6A /* BasicExampleTests.swift in Sources */ = {isa = PBXBuildFile; fileRef = E01553E52650E3C400C1ED6A /* BasicExampleTests.swift */; };
		E038882C21A6DBA600231699 /* Ex4Error.swift in Sources */ = {isa = PBXBuildFile; fileRef = E038882B21A6DBA600231699 /* Ex4Error.swift */; };
		FE86FC90E485DFC9F7AB311E /* Pods_BasicExample.framework in Frameworks */ = {isa = PBXBuildFile; fileRef = 628796C23D29D2A5FE52A0A7 /* Pods_BasicExample.framework */; };
/* End PBXBuildFile section */

/* Begin PBXContainerItemProxy section */
		E01553E82650E3C400C1ED6A /* PBXContainerItemProxy */ = {
			isa = PBXContainerItemProxy;
			containerPortal = 18FE32D821A6451400F70B5A /* Project object */;
			proxyType = 1;
			remoteGlobalIDString = 18FE32DF21A6451400F70B5A;
			remoteInfo = BasicExample;
		};
/* End PBXContainerItemProxy section */

/* Begin PBXFileReference section */
		18C5C05121A78ACB00A9EA60 /* Ex5Transforming.swift */ = {isa = PBXFileReference; lastKnownFileType = sourcecode.swift; path = Ex5Transforming.swift; sourceTree = "<group>"; };
		18C5C05321A79B1E00A9EA60 /* Ex6Filtering.swift */ = {isa = PBXFileReference; lastKnownFileType = sourcecode.swift; path = Ex6Filtering.swift; sourceTree = "<group>"; };
		18C5C05521A7BAD200A9EA60 /* Ex7Utility.swift */ = {isa = PBXFileReference; lastKnownFileType = sourcecode.swift; path = Ex7Utility.swift; sourceTree = "<group>"; };
		18C5C05721A7CD4800A9EA60 /* Ex8Subscriptions.swift */ = {isa = PBXFileReference; lastKnownFileType = sourcecode.swift; path = Ex8Subscriptions.swift; sourceTree = "<group>"; };
		18C5C05A21A7DDC800A9EA60 /* MemberModel.swift */ = {isa = PBXFileReference; lastKnownFileType = sourcecode.swift; path = MemberModel.swift; sourceTree = "<group>"; };
		18C5C05C21A7DE3500A9EA60 /* Member.json */ = {isa = PBXFileReference; lastKnownFileType = text.json; path = Member.json; sourceTree = "<group>"; };
		18FE32E021A6451400F70B5A /* BasicExample.app */ = {isa = PBXFileReference; explicitFileType = wrapper.application; includeInIndex = 0; path = BasicExample.app; sourceTree = BUILT_PRODUCTS_DIR; };
		18FE32E321A6451400F70B5A /* AppDelegate.swift */ = {isa = PBXFileReference; lastKnownFileType = sourcecode.swift; path = AppDelegate.swift; sourceTree = "<group>"; };
		18FE32E521A6451400F70B5A /* ViewController.swift */ = {isa = PBXFileReference; lastKnownFileType = sourcecode.swift; path = ViewController.swift; sourceTree = "<group>"; };
		18FE32E821A6451400F70B5A /* Base */ = {isa = PBXFileReference; lastKnownFileType = file.storyboard; name = Base; path = Base.lproj/Main.storyboard; sourceTree = "<group>"; };
		18FE32EA21A6451500F70B5A /* Assets.xcassets */ = {isa = PBXFileReference; lastKnownFileType = folder.assetcatalog; path = Assets.xcassets; sourceTree = "<group>"; };
		18FE32ED21A6451500F70B5A /* Base */ = {isa = PBXFileReference; lastKnownFileType = file.storyboard; name = Base; path = Base.lproj/LaunchScreen.storyboard; sourceTree = "<group>"; };
		18FE32EF21A6451600F70B5A /* Info.plist */ = {isa = PBXFileReference; lastKnownFileType = text.plist.xml; path = Info.plist; sourceTree = "<group>"; };
		18FE32F521A66CC000F70B5A /* README.md */ = {isa = PBXFileReference; fileEncoding = 4; lastKnownFileType = net.daringfireball.markdown; path = README.md; sourceTree = SOURCE_ROOT; };
		18FE32FC21A6AAFE00F70B5A /* Ex3Synthesis.swift */ = {isa = PBXFileReference; lastKnownFileType = sourcecode.swift; path = Ex3Synthesis.swift; sourceTree = "<group>"; };
		28506A35814FA44F21CE9381 /* Pods-BasicExampleTests.release.xcconfig */ = {isa = PBXFileReference; includeInIndex = 1; lastKnownFileType = text.xcconfig; name = "Pods-BasicExampleTests.release.xcconfig"; path = "Pods/Target Support Files/Pods-BasicExampleTests/Pods-BasicExampleTests.release.xcconfig"; sourceTree = "<group>"; };
		39FC5F645FA808BD071DB82D /* Pods-BasicExample.release.xcconfig */ = {isa = PBXFileReference; includeInIndex = 1; lastKnownFileType = text.xcconfig; name = "Pods-BasicExample.release.xcconfig"; path = "Pods/Target Support Files/Pods-BasicExample/Pods-BasicExample.release.xcconfig"; sourceTree = "<group>"; };
		45BB573D1F17DF34B965FC49 /* Pods-BasicExample.debug.xcconfig */ = {isa = PBXFileReference; includeInIndex = 1; lastKnownFileType = text.xcconfig; name = "Pods-BasicExample.debug.xcconfig"; path = "Pods/Target Support Files/Pods-BasicExample/Pods-BasicExample.debug.xcconfig"; sourceTree = "<group>"; };
		4F6DC083C829712F5326D51C /* Pods-BasicExampleTests.debug.xcconfig */ = {isa = PBXFileReference; includeInIndex = 1; lastKnownFileType = text.xcconfig; name = "Pods-BasicExampleTests.debug.xcconfig"; path = "Pods/Target Support Files/Pods-BasicExampleTests/Pods-BasicExampleTests.debug.xcconfig"; sourceTree = "<group>"; };
		628796C23D29D2A5FE52A0A7 /* Pods_BasicExample.framework */ = {isa = PBXFileReference; explicitFileType = wrapper.framework; includeInIndex = 0; path = Pods_BasicExample.framework; sourceTree = BUILT_PRODUCTS_DIR; };
		9E4354AE1B1E5EBC2E17E930 /* Pods_BasicExampleTests.framework */ = {isa = PBXFileReference; explicitFileType = wrapper.framework; includeInIndex = 0; path = Pods_BasicExampleTests.framework; sourceTree = BUILT_PRODUCTS_DIR; };
		E01553E32650E3C400C1ED6A /* BasicExampleTests.xctest */ = {isa = PBXFileReference; explicitFileType = wrapper.cfbundle; includeInIndex = 0; path = BasicExampleTests.xctest; sourceTree = BUILT_PRODUCTS_DIR; };
		E01553E52650E3C400C1ED6A /* BasicExampleTests.swift */ = {isa = PBXFileReference; lastKnownFileType = sourcecode.swift; path = BasicExampleTests.swift; sourceTree = "<group>"; };
		E01553E72650E3C400C1ED6A /* Info.plist */ = {isa = PBXFileReference; lastKnownFileType = text.plist.xml; path = Info.plist; sourceTree = "<group>"; };
		E038882B21A6DBA600231699 /* Ex4Error.swift */ = {isa = PBXFileReference; lastKnownFileType = sourcecode.swift; path = Ex4Error.swift; sourceTree = "<group>"; };
/* End PBXFileReference section */

/* Begin PBXFrameworksBuildPhase section */
		18FE32DD21A6451400F70B5A /* Frameworks */ = {
			isa = PBXFrameworksBuildPhase;
			buildActionMask = 2147483647;
			files = (
				FE86FC90E485DFC9F7AB311E /* Pods_BasicExample.framework in Frameworks */,
			);
			runOnlyForDeploymentPostprocessing = 0;
		};
		E01553E02650E3C400C1ED6A /* Frameworks */ = {
			isa = PBXFrameworksBuildPhase;
			buildActionMask = 2147483647;
			files = (
				56BF15DCB329FF345EB8726E /* Pods_BasicExampleTests.framework in Frameworks */,
			);
			runOnlyForDeploymentPostprocessing = 0;
		};
/* End PBXFrameworksBuildPhase section */

/* Begin PBXGroup section */
		18C5C05921A7DDA200A9EA60 /* ExTableView */ = {
			isa = PBXGroup;
			children = (
				18C5C05C21A7DE3500A9EA60 /* Member.json */,
				18C5C05A21A7DDC800A9EA60 /* MemberModel.swift */,
			);
			path = ExTableView;
			sourceTree = "<group>";
		};
		18FE32D721A6451400F70B5A = {
			isa = PBXGroup;
			children = (
				18FE32E221A6451400F70B5A /* BasicExample */,
				E01553E42650E3C400C1ED6A /* BasicExampleTests */,
				18FE32E121A6451400F70B5A /* Products */,
				33D3302FFA5FC8125522C50D /* Pods */,
				7014C3B38F5A67A7E4BCFDFC /* Frameworks */,
			);
			sourceTree = "<group>";
		};
		18FE32E121A6451400F70B5A /* Products */ = {
			isa = PBXGroup;
			children = (
				18FE32E021A6451400F70B5A /* BasicExample.app */,
				E01553E32650E3C400C1ED6A /* BasicExampleTests.xctest */,
			);
			name = Products;
			sourceTree = "<group>";
		};
		18FE32E221A6451400F70B5A /* BasicExample */ = {
			isa = PBXGroup;
			children = (
				18FE32E321A6451400F70B5A /* AppDelegate.swift */,
				18FE32E521A6451400F70B5A /* ViewController.swift */,
				18FE32E721A6451400F70B5A /* Main.storyboard */,
				18FE32EA21A6451500F70B5A /* Assets.xcassets */,
				18FE32EC21A6451500F70B5A /* LaunchScreen.storyboard */,
				18FE32EF21A6451600F70B5A /* Info.plist */,
				18FE32F521A66CC000F70B5A /* README.md */,
				18FE32F921A6A93000F70B5A /* Example */,
				18C5C05921A7DDA200A9EA60 /* ExTableView */,
			);
			path = BasicExample;
			sourceTree = "<group>";
		};
		18FE32F921A6A93000F70B5A /* Example */ = {
			isa = PBXGroup;
			children = (
				18FE32FC21A6AAFE00F70B5A /* Ex3Synthesis.swift */,
				E038882B21A6DBA600231699 /* Ex4Error.swift */,
				18C5C05121A78ACB00A9EA60 /* Ex5Transforming.swift */,
				18C5C05321A79B1E00A9EA60 /* Ex6Filtering.swift */,
				18C5C05521A7BAD200A9EA60 /* Ex7Utility.swift */,
				18C5C05721A7CD4800A9EA60 /* Ex8Subscriptions.swift */,
			);
			path = Example;
			sourceTree = "<group>";
		};
		33D3302FFA5FC8125522C50D /* Pods */ = {
			isa = PBXGroup;
			children = (
				45BB573D1F17DF34B965FC49 /* Pods-BasicExample.debug.xcconfig */,
				39FC5F645FA808BD071DB82D /* Pods-BasicExample.release.xcconfig */,
				4F6DC083C829712F5326D51C /* Pods-BasicExampleTests.debug.xcconfig */,
				28506A35814FA44F21CE9381 /* Pods-BasicExampleTests.release.xcconfig */,
			);
			name = Pods;
			sourceTree = "<group>";
		};
		7014C3B38F5A67A7E4BCFDFC /* Frameworks */ = {
			isa = PBXGroup;
			children = (
				628796C23D29D2A5FE52A0A7 /* Pods_BasicExample.framework */,
				9E4354AE1B1E5EBC2E17E930 /* Pods_BasicExampleTests.framework */,
			);
			name = Frameworks;
			sourceTree = "<group>";
		};
		E01553E42650E3C400C1ED6A /* BasicExampleTests */ = {
			isa = PBXGroup;
			children = (
				E01553E52650E3C400C1ED6A /* BasicExampleTests.swift */,
				E01553E72650E3C400C1ED6A /* Info.plist */,
			);
			path = BasicExampleTests;
			sourceTree = "<group>";
		};
/* End PBXGroup section */

/* Begin PBXNativeTarget section */
		18FE32DF21A6451400F70B5A /* BasicExample */ = {
			isa = PBXNativeTarget;
			buildConfigurationList = 18FE32F221A6451600F70B5A /* Build configuration list for PBXNativeTarget "BasicExample" */;
			buildPhases = (
				92448525308695C9E0DE5CD6 /* [CP] Check Pods Manifest.lock */,
				18FE32DC21A6451400F70B5A /* Sources */,
				18FE32DD21A6451400F70B5A /* Frameworks */,
				18FE32DE21A6451400F70B5A /* Resources */,
				3D48726676FD4038F965660B /* [CP] Embed Pods Frameworks */,
			);
			buildRules = (
			);
			dependencies = (
			);
			name = BasicExample;
			productName = BasicExample;
			productReference = 18FE32E021A6451400F70B5A /* BasicExample.app */;
			productType = "com.apple.product-type.application";
		};
		E01553E22650E3C400C1ED6A /* BasicExampleTests */ = {
			isa = PBXNativeTarget;
			buildConfigurationList = E01553EC2650E3C400C1ED6A /* Build configuration list for PBXNativeTarget "BasicExampleTests" */;
			buildPhases = (
				7E1866372F3CB3B9EE20279F /* [CP] Check Pods Manifest.lock */,
				E01553DF2650E3C400C1ED6A /* Sources */,
				E01553E02650E3C400C1ED6A /* Frameworks */,
				E01553E12650E3C400C1ED6A /* Resources */,
				08035CC386D1A878FDD2EBD8 /* [CP] Embed Pods Frameworks */,
			);
			buildRules = (
			);
			dependencies = (
				E01553E92650E3C400C1ED6A /* PBXTargetDependency */,
			);
			name = BasicExampleTests;
			productName = BasicExampleTests;
			productReference = E01553E32650E3C400C1ED6A /* BasicExampleTests.xctest */;
			productType = "com.apple.product-type.bundle.unit-test";
		};
/* End PBXNativeTarget section */

/* Begin PBXProject section */
		18FE32D821A6451400F70B5A /* Project object */ = {
			isa = PBXProject;
			attributes = {
				LastSwiftUpdateCheck = 1250;
				LastUpgradeCheck = 1250;
				ORGANIZATIONNAME = pikachu987;
				TargetAttributes = {
					18FE32DF21A6451400F70B5A = {
						CreatedOnToolsVersion = 10.1;
					};
					E01553E22650E3C400C1ED6A = {
						CreatedOnToolsVersion = 12.5;
						TestTargetID = 18FE32DF21A6451400F70B5A;
					};
				};
			};
			buildConfigurationList = 18FE32DB21A6451400F70B5A /* Build configuration list for PBXProject "BasicExample" */;
			compatibilityVersion = "Xcode 9.3";
			developmentRegion = en;
			hasScannedForEncodings = 0;
			knownRegions = (
				en,
				Base,
			);
			mainGroup = 18FE32D721A6451400F70B5A;
			productRefGroup = 18FE32E121A6451400F70B5A /* Products */;
			projectDirPath = "";
			projectRoot = "";
			targets = (
				18FE32DF21A6451400F70B5A /* BasicExample */,
				E01553E22650E3C400C1ED6A /* BasicExampleTests */,
			);
		};
/* End PBXProject section */

/* Begin PBXResourcesBuildPhase section */
		18FE32DE21A6451400F70B5A /* Resources */ = {
			isa = PBXResourcesBuildPhase;
			buildActionMask = 2147483647;
			files = (
				18FE32EE21A6451500F70B5A /* LaunchScreen.storyboard in Resources */,
				18FE32EB21A6451500F70B5A /* Assets.xcassets in Resources */,
				18FE32F621A66CC000F70B5A /* README.md in Resources */,
				18FE32E921A6451400F70B5A /* Main.storyboard in Resources */,
				18C5C05D21A7DE3500A9EA60 /* Member.json in Resources */,
			);
			runOnlyForDeploymentPostprocessing = 0;
		};
		E01553E12650E3C400C1ED6A /* Resources */ = {
			isa = PBXResourcesBuildPhase;
			buildActionMask = 2147483647;
			files = (
			);
			runOnlyForDeploymentPostprocessing = 0;
		};
/* End PBXResourcesBuildPhase section */

/* Begin PBXShellScriptBuildPhase section */
		08035CC386D1A878FDD2EBD8 /* [CP] Embed Pods Frameworks */ = {
			isa = PBXShellScriptBuildPhase;
			buildActionMask = 2147483647;
			files = (
			);
			inputFileListPaths = (
				"${PODS_ROOT}/Target Support Files/Pods-BasicExampleTests/Pods-BasicExampleTests-frameworks-${CONFIGURATION}-input-files.xcfilelist",
			);
			name = "[CP] Embed Pods Frameworks";
			outputFileListPaths = (
				"${PODS_ROOT}/Target Support Files/Pods-BasicExampleTests/Pods-BasicExampleTests-frameworks-${CONFIGURATION}-output-files.xcfilelist",
			);
			runOnlyForDeploymentPostprocessing = 0;
			shellPath = /bin/sh;
			shellScript = "\"${PODS_ROOT}/Target Support Files/Pods-BasicExampleTests/Pods-BasicExampleTests-frameworks.sh\"\n";
			showEnvVarsInLog = 0;
		};
		3D48726676FD4038F965660B /* [CP] Embed Pods Frameworks */ = {
			isa = PBXShellScriptBuildPhase;
			buildActionMask = 2147483647;
			files = (
			);
			inputFileListPaths = (
				"${PODS_ROOT}/Target Support Files/Pods-BasicExample/Pods-BasicExample-frameworks-${CONFIGURATION}-input-files.xcfilelist",
			);
			name = "[CP] Embed Pods Frameworks";
			outputFileListPaths = (
				"${PODS_ROOT}/Target Support Files/Pods-BasicExample/Pods-BasicExample-frameworks-${CONFIGURATION}-output-files.xcfilelist",
			);
			runOnlyForDeploymentPostprocessing = 0;
			shellPath = /bin/sh;
			shellScript = "\"${PODS_ROOT}/Target Support Files/Pods-BasicExample/Pods-BasicExample-frameworks.sh\"\n";
			showEnvVarsInLog = 0;
		};
		7E1866372F3CB3B9EE20279F /* [CP] Check Pods Manifest.lock */ = {
			isa = PBXShellScriptBuildPhase;
			buildActionMask = 2147483647;
			files = (
			);
			inputFileListPaths = (
			);
			inputPaths = (
				"${PODS_PODFILE_DIR_PATH}/Podfile.lock",
				"${PODS_ROOT}/Manifest.lock",
			);
			name = "[CP] Check Pods Manifest.lock";
			outputFileListPaths = (
			);
			outputPaths = (
				"$(DERIVED_FILE_DIR)/Pods-BasicExampleTests-checkManifestLockResult.txt",
			);
			runOnlyForDeploymentPostprocessing = 0;
			shellPath = /bin/sh;
			shellScript = "diff \"${PODS_PODFILE_DIR_PATH}/Podfile.lock\" \"${PODS_ROOT}/Manifest.lock\" > /dev/null\nif [ $? != 0 ] ; then\n    # print error to STDERR\n    echo \"error: The sandbox is not in sync with the Podfile.lock. Run 'pod install' or update your CocoaPods installation.\" >&2\n    exit 1\nfi\n# This output is used by Xcode 'outputs' to avoid re-running this script phase.\necho \"SUCCESS\" > \"${SCRIPT_OUTPUT_FILE_0}\"\n";
			showEnvVarsInLog = 0;
		};
		92448525308695C9E0DE5CD6 /* [CP] Check Pods Manifest.lock */ = {
			isa = PBXShellScriptBuildPhase;
			buildActionMask = 2147483647;
			files = (
			);
			inputPaths = (
				"${PODS_PODFILE_DIR_PATH}/Podfile.lock",
				"${PODS_ROOT}/Manifest.lock",
			);
			name = "[CP] Check Pods Manifest.lock";
			outputPaths = (
				"$(DERIVED_FILE_DIR)/Pods-BasicExample-checkManifestLockResult.txt",
			);
			runOnlyForDeploymentPostprocessing = 0;
			shellPath = /bin/sh;
			shellScript = "diff \"${PODS_PODFILE_DIR_PATH}/Podfile.lock\" \"${PODS_ROOT}/Manifest.lock\" > /dev/null\nif [ $? != 0 ] ; then\n    # print error to STDERR\n    echo \"error: The sandbox is not in sync with the Podfile.lock. Run 'pod install' or update your CocoaPods installation.\" >&2\n    exit 1\nfi\n# This output is used by Xcode 'outputs' to avoid re-running this script phase.\necho \"SUCCESS\" > \"${SCRIPT_OUTPUT_FILE_0}\"\n";
			showEnvVarsInLog = 0;
		};
/* End PBXShellScriptBuildPhase section */

/* Begin PBXSourcesBuildPhase section */
		18FE32DC21A6451400F70B5A /* Sources */ = {
			isa = PBXSourcesBuildPhase;
			buildActionMask = 2147483647;
			files = (
				E038882C21A6DBA600231699 /* Ex4Error.swift in Sources */,
				18C5C05621A7BAD200A9EA60 /* Ex7Utility.swift in Sources */,
				18FE32E621A6451400F70B5A /* ViewController.swift in Sources */,
				18FE32E421A6451400F70B5A /* AppDelegate.swift in Sources */,
				18C5C05421A79B1E00A9EA60 /* Ex6Filtering.swift in Sources */,
				18C5C05221A78ACB00A9EA60 /* Ex5Transforming.swift in Sources */,
				18FE32FD21A6AAFE00F70B5A /* Ex3Synthesis.swift in Sources */,
				18C5C05821A7CD4800A9EA60 /* Ex8Subscriptions.swift in Sources */,
				18C5C05B21A7DDC800A9EA60 /* MemberModel.swift in Sources */,
			);
			runOnlyForDeploymentPostprocessing = 0;
		};
		E01553DF2650E3C400C1ED6A /* Sources */ = {
			isa = PBXSourcesBuildPhase;
			buildActionMask = 2147483647;
			files = (
				E01553E62650E3C400C1ED6A /* BasicExampleTests.swift in Sources */,
			);
			runOnlyForDeploymentPostprocessing = 0;
		};
/* End PBXSourcesBuildPhase section */

/* Begin PBXTargetDependency section */
		E01553E92650E3C400C1ED6A /* PBXTargetDependency */ = {
			isa = PBXTargetDependency;
			target = 18FE32DF21A6451400F70B5A /* BasicExample */;
			targetProxy = E01553E82650E3C400C1ED6A /* PBXContainerItemProxy */;
		};
/* End PBXTargetDependency section */

/* Begin PBXVariantGroup section */
		18FE32E721A6451400F70B5A /* Main.storyboard */ = {
			isa = PBXVariantGroup;
			children = (
				18FE32E821A6451400F70B5A /* Base */,
			);
			name = Main.storyboard;
			sourceTree = "<group>";
		};
		18FE32EC21A6451500F70B5A /* LaunchScreen.storyboard */ = {
			isa = PBXVariantGroup;
			children = (
				18FE32ED21A6451500F70B5A /* Base */,
			);
			name = LaunchScreen.storyboard;
			sourceTree = "<group>";
		};
/* End PBXVariantGroup section */

/* Begin XCBuildConfiguration section */
		18FE32F021A6451600F70B5A /* Debug */ = {
			isa = XCBuildConfiguration;
			buildSettings = {
				ALWAYS_SEARCH_USER_PATHS = NO;
				CLANG_ANALYZER_NONNULL = YES;
				CLANG_ANALYZER_NUMBER_OBJECT_CONVERSION = YES_AGGRESSIVE;
				CLANG_CXX_LANGUAGE_STANDARD = "gnu++14";
				CLANG_CXX_LIBRARY = "libc++";
				CLANG_ENABLE_MODULES = YES;
				CLANG_ENABLE_OBJC_ARC = YES;
				CLANG_ENABLE_OBJC_WEAK = YES;
				CLANG_WARN_BLOCK_CAPTURE_AUTORELEASING = YES;
				CLANG_WARN_BOOL_CONVERSION = YES;
				CLANG_WARN_COMMA = YES;
				CLANG_WARN_CONSTANT_CONVERSION = YES;
				CLANG_WARN_DEPRECATED_OBJC_IMPLEMENTATIONS = YES;
				CLANG_WARN_DIRECT_OBJC_ISA_USAGE = YES_ERROR;
				CLANG_WARN_DOCUMENTATION_COMMENTS = YES;
				CLANG_WARN_EMPTY_BODY = YES;
				CLANG_WARN_ENUM_CONVERSION = YES;
				CLANG_WARN_INFINITE_RECURSION = YES;
				CLANG_WARN_INT_CONVERSION = YES;
				CLANG_WARN_NON_LITERAL_NULL_CONVERSION = YES;
				CLANG_WARN_OBJC_IMPLICIT_RETAIN_SELF = YES;
				CLANG_WARN_OBJC_LITERAL_CONVERSION = YES;
				CLANG_WARN_OBJC_ROOT_CLASS = YES_ERROR;
				CLANG_WARN_QUOTED_INCLUDE_IN_FRAMEWORK_HEADER = YES;
				CLANG_WARN_RANGE_LOOP_ANALYSIS = YES;
				CLANG_WARN_STRICT_PROTOTYPES = YES;
				CLANG_WARN_SUSPICIOUS_MOVE = YES;
				CLANG_WARN_UNGUARDED_AVAILABILITY = YES_AGGRESSIVE;
				CLANG_WARN_UNREACHABLE_CODE = YES;
				CLANG_WARN__DUPLICATE_METHOD_MATCH = YES;
				CODE_SIGN_IDENTITY = "iPhone Developer";
				COPY_PHASE_STRIP = NO;
				DEBUG_INFORMATION_FORMAT = dwarf;
				ENABLE_STRICT_OBJC_MSGSEND = YES;
				ENABLE_TESTABILITY = YES;
				GCC_C_LANGUAGE_STANDARD = gnu11;
				GCC_DYNAMIC_NO_PIC = NO;
				GCC_NO_COMMON_BLOCKS = YES;
				GCC_OPTIMIZATION_LEVEL = 0;
				GCC_PREPROCESSOR_DEFINITIONS = (
					"DEBUG=1",
					"$(inherited)",
				);
				GCC_WARN_64_TO_32_BIT_CONVERSION = YES;
				GCC_WARN_ABOUT_RETURN_TYPE = YES_ERROR;
				GCC_WARN_UNDECLARED_SELECTOR = YES;
				GCC_WARN_UNINITIALIZED_AUTOS = YES_AGGRESSIVE;
				GCC_WARN_UNUSED_FUNCTION = YES;
				GCC_WARN_UNUSED_VARIABLE = YES;
				IPHONEOS_DEPLOYMENT_TARGET = 12.1;
				MTL_ENABLE_DEBUG_INFO = INCLUDE_SOURCE;
				MTL_FAST_MATH = YES;
				ONLY_ACTIVE_ARCH = YES;
				SDKROOT = iphoneos;
				SWIFT_ACTIVE_COMPILATION_CONDITIONS = DEBUG;
				SWIFT_OPTIMIZATION_LEVEL = "-Onone";
			};
			name = Debug;
		};
		18FE32F121A6451600F70B5A /* Release */ = {
			isa = XCBuildConfiguration;
			buildSettings = {
				ALWAYS_SEARCH_USER_PATHS = NO;
				CLANG_ANALYZER_NONNULL = YES;
				CLANG_ANALYZER_NUMBER_OBJECT_CONVERSION = YES_AGGRESSIVE;
				CLANG_CXX_LANGUAGE_STANDARD = "gnu++14";
				CLANG_CXX_LIBRARY = "libc++";
				CLANG_ENABLE_MODULES = YES;
				CLANG_ENABLE_OBJC_ARC = YES;
				CLANG_ENABLE_OBJC_WEAK = YES;
				CLANG_WARN_BLOCK_CAPTURE_AUTORELEASING = YES;
				CLANG_WARN_BOOL_CONVERSION = YES;
				CLANG_WARN_COMMA = YES;
				CLANG_WARN_CONSTANT_CONVERSION = YES;
				CLANG_WARN_DEPRECATED_OBJC_IMPLEMENTATIONS = YES;
				CLANG_WARN_DIRECT_OBJC_ISA_USAGE = YES_ERROR;
				CLANG_WARN_DOCUMENTATION_COMMENTS = YES;
				CLANG_WARN_EMPTY_BODY = YES;
				CLANG_WARN_ENUM_CONVERSION = YES;
				CLANG_WARN_INFINITE_RECURSION = YES;
				CLANG_WARN_INT_CONVERSION = YES;
				CLANG_WARN_NON_LITERAL_NULL_CONVERSION = YES;
				CLANG_WARN_OBJC_IMPLICIT_RETAIN_SELF = YES;
				CLANG_WARN_OBJC_LITERAL_CONVERSION = YES;
				CLANG_WARN_OBJC_ROOT_CLASS = YES_ERROR;
				CLANG_WARN_QUOTED_INCLUDE_IN_FRAMEWORK_HEADER = YES;
				CLANG_WARN_RANGE_LOOP_ANALYSIS = YES;
				CLANG_WARN_STRICT_PROTOTYPES = YES;
				CLANG_WARN_SUSPICIOUS_MOVE = YES;
				CLANG_WARN_UNGUARDED_AVAILABILITY = YES_AGGRESSIVE;
				CLANG_WARN_UNREACHABLE_CODE = YES;
				CLANG_WARN__DUPLICATE_METHOD_MATCH = YES;
				CODE_SIGN_IDENTITY = "iPhone Developer";
				COPY_PHASE_STRIP = NO;
				DEBUG_INFORMATION_FORMAT = "dwarf-with-dsym";
				ENABLE_NS_ASSERTIONS = NO;
				ENABLE_STRICT_OBJC_MSGSEND = YES;
				GCC_C_LANGUAGE_STANDARD = gnu11;
				GCC_NO_COMMON_BLOCKS = YES;
				GCC_WARN_64_TO_32_BIT_CONVERSION = YES;
				GCC_WARN_ABOUT_RETURN_TYPE = YES_ERROR;
				GCC_WARN_UNDECLARED_SELECTOR = YES;
				GCC_WARN_UNINITIALIZED_AUTOS = YES_AGGRESSIVE;
				GCC_WARN_UNUSED_FUNCTION = YES;
				GCC_WARN_UNUSED_VARIABLE = YES;
				IPHONEOS_DEPLOYMENT_TARGET = 12.1;
				MTL_ENABLE_DEBUG_INFO = NO;
				MTL_FAST_MATH = YES;
				SDKROOT = iphoneos;
				SWIFT_COMPILATION_MODE = wholemodule;
				SWIFT_OPTIMIZATION_LEVEL = "-O";
				VALIDATE_PRODUCT = YES;
			};
			name = Release;
		};
		18FE32F321A6451600F70B5A /* Debug */ = {
			isa = XCBuildConfiguration;
			baseConfigurationReference = 45BB573D1F17DF34B965FC49 /* Pods-BasicExample.debug.xcconfig */;
			buildSettings = {
				ASSETCATALOG_COMPILER_APPICON_NAME = AppIcon;
				CODE_SIGN_STYLE = Automatic;
				DEVELOPMENT_TEAM = 95YHHS8BGP;
				INFOPLIST_FILE = BasicExample/Info.plist;
				LD_RUNPATH_SEARCH_PATHS = (
					"$(inherited)",
					"@executable_path/Frameworks",
				);
				PRODUCT_BUNDLE_IDENTIFIER = com.pikachu987.BasicExample;
				PRODUCT_NAME = "$(TARGET_NAME)";
				SWIFT_VERSION = 5.0;
				TARGETED_DEVICE_FAMILY = "1,2";
			};
			name = Debug;
		};
		18FE32F421A6451600F70B5A /* Release */ = {
			isa = XCBuildConfiguration;
			baseConfigurationReference = 39FC5F645FA808BD071DB82D /* Pods-BasicExample.release.xcconfig */;
			buildSettings = {
				ASSETCATALOG_COMPILER_APPICON_NAME = AppIcon;
				CODE_SIGN_STYLE = Automatic;
				DEVELOPMENT_TEAM = 95YHHS8BGP;
				INFOPLIST_FILE = BasicExample/Info.plist;
				LD_RUNPATH_SEARCH_PATHS = (
					"$(inherited)",
					"@executable_path/Frameworks",
				);
				PRODUCT_BUNDLE_IDENTIFIER = com.pikachu987.BasicExample;
				PRODUCT_NAME = "$(TARGET_NAME)";
				SWIFT_VERSION = 5.0;
				TARGETED_DEVICE_FAMILY = "1,2";
			};
			name = Release;
		};
		E01553EA2650E3C400C1ED6A /* Debug */ = {
			isa = XCBuildConfiguration;
			baseConfigurationReference = 4F6DC083C829712F5326D51C /* Pods-BasicExampleTests.debug.xcconfig */;
			buildSettings = {
				BUNDLE_LOADER = "$(TEST_HOST)";
				CLANG_WARN_QUOTED_INCLUDE_IN_FRAMEWORK_HEADER = YES;
				CODE_SIGN_STYLE = Automatic;
				DEVELOPMENT_TEAM = 95YHHS8BGP;
				INFOPLIST_FILE = BasicExampleTests/Info.plist;
				IPHONEOS_DEPLOYMENT_TARGET = 14.5;
				LD_RUNPATH_SEARCH_PATHS = (
					"$(inherited)",
					"@executable_path/Frameworks",
					"@loader_path/Frameworks",
				);
				PRODUCT_BUNDLE_IDENTIFIER = com.pikachu987.BasicExampleTests;
				PRODUCT_NAME = "$(TARGET_NAME)";
				SWIFT_VERSION = 5.0;
				TARGETED_DEVICE_FAMILY = "1,2";
				TEST_HOST = "$(BUILT_PRODUCTS_DIR)/BasicExample.app/BasicExample";
			};
			name = Debug;
		};
		E01553EB2650E3C400C1ED6A /* Release */ = {
			isa = XCBuildConfiguration;
			baseConfigurationReference = 28506A35814FA44F21CE9381 /* Pods-BasicExampleTests.release.xcconfig */;
			buildSettings = {
				BUNDLE_LOADER = "$(TEST_HOST)";
				CLANG_WARN_QUOTED_INCLUDE_IN_FRAMEWORK_HEADER = YES;
				CODE_SIGN_STYLE = Automatic;
				DEVELOPMENT_TEAM = 95YHHS8BGP;
				INFOPLIST_FILE = BasicExampleTests/Info.plist;
				IPHONEOS_DEPLOYMENT_TARGET = 14.5;
				LD_RUNPATH_SEARCH_PATHS = (
					"$(inherited)",
					"@executable_path/Frameworks",
					"@loader_path/Frameworks",
				);
				PRODUCT_BUNDLE_IDENTIFIER = com.pikachu987.BasicExampleTests;
				PRODUCT_NAME = "$(TARGET_NAME)";
				SWIFT_VERSION = 5.0;
				TARGETED_DEVICE_FAMILY = "1,2";
				TEST_HOST = "$(BUILT_PRODUCTS_DIR)/BasicExample.app/BasicExample";
			};
			name = Release;
		};
/* End XCBuildConfiguration section */

/* Begin XCConfigurationList section */
		18FE32DB21A6451400F70B5A /* Build configuration list for PBXProject "BasicExample" */ = {
			isa = XCConfigurationList;
			buildConfigurations = (
				18FE32F021A6451600F70B5A /* Debug */,
				18FE32F121A6451600F70B5A /* Release */,
			);
			defaultConfigurationIsVisible = 0;
			defaultConfigurationName = Release;
		};
		18FE32F221A6451600F70B5A /* Build configuration list for PBXNativeTarget "BasicExample" */ = {
			isa = XCConfigurationList;
			buildConfigurations = (
				18FE32F321A6451600F70B5A /* Debug */,
				18FE32F421A6451600F70B5A /* Release */,
			);
			defaultConfigurationIsVisible = 0;
			defaultConfigurationName = Release;
		};
		E01553EC2650E3C400C1ED6A /* Build configuration list for PBXNativeTarget "BasicExampleTests" */ = {
			isa = XCConfigurationList;
			buildConfigurations = (
				E01553EA2650E3C400C1ED6A /* Debug */,
				E01553EB2650E3C400C1ED6A /* Release */,
			);
			defaultConfigurationIsVisible = 0;
			defaultConfigurationName = Release;
		};
/* End XCConfigurationList section */
	};
	rootObject = 18FE32D821A6451400F70B5A /* Project object */;
}
